
Microsoft Visual Studio Solution File, Format Version 11.00
# Visual Studio 2010
Project("{8BC9CEB8-8B4A-11D0-8D11-00A0C91BC942}") = "get_dy_barrage", "get_dy_barrage\dy_barrage.vcxproj", "{0591C158-38FA-46A1-92CB-6A077D763C40}"
EndProject
Global
	GlobalSection(SolutionConfigurationPlatforms) = preSolution
		Debug|Win32 = Debug|Win32
		Release|Win32 = Release|Win32
	EndGlobalSection
	GlobalSection(ProjectConfigurationPlatforms) = postSolution
		{0591C158-38FA-46A1-92CB-6A077D763C40}.Debug|Win32.ActiveCfg = Debug|Win32
		{0591C158-38FA-46A1-92CB-6A077D763C40}.Debug|Win32.Build.0 = Debug|Win32
		{0591C158-38FA-46A1-92CB-6A077D763C40}.Release|Win32.ActiveCfg = Release|Win32
		{0591C158-38FA-46A1-92CB-6A077D763C40}.Release|Win32.Build.0 = Release|Win32
	EndGlobalSection
	GlobalSection(SolutionProperties) = preSolution
		HideSolutionNode = FALSE
	EndGlobalSection
EndGlobal
